// !$*UTF8*$!
{
	archiveVersion = 1;
	classes = {
	};
	objectVersion = 56;
	objects = {

/* Begin PBXBuildFile section */
		031192722C46DE4200B74FB0 /* AuthManager.swift in Sources */ = {isa = PBXBuildFile; fileRef = 031192712C46DE4200B74FB0 /* AuthManager.swift */; };
		031192742C46DE5B00B74FB0 /* APICaller.swift in Sources */ = {isa = PBXBuildFile; fileRef = 031192732C46DE5B00B74FB0 /* APICaller.swift */; };
		031192762C46DE7200B74FB0 /* HapticsManager.swift in Sources */ = {isa = PBXBuildFile; fileRef = 031192752C46DE7200B74FB0 /* HapticsManager.swift */; };
		031192782C46DE8900B74FB0 /* Playlist.swift in Sources */ = {isa = PBXBuildFile; fileRef = 031192772C46DE8900B74FB0 /* Playlist.swift */; };
		0311927A2C46DE9300B74FB0 /* AudioTrack.swift in Sources */ = {isa = PBXBuildFile; fileRef = 031192792C46DE9300B74FB0 /* AudioTrack.swift */; };
		0311927C2C46DE9800B74FB0 /* Artist.swift in Sources */ = {isa = PBXBuildFile; fileRef = 0311927B2C46DE9800B74FB0 /* Artist.swift */; };
		0311927E2C46DF7400B74FB0 /* UserProfile.swift in Sources */ = {isa = PBXBuildFile; fileRef = 0311927D2C46DF7400B74FB0 /* UserProfile.swift */; };
		031192802C46EBF300B74FB0 /* Extensions.swift in Sources */ = {isa = PBXBuildFile; fileRef = 0311927F2C46EBF300B74FB0 /* Extensions.swift */; };
		0355DF382C4AF8660007F54A /* Models.swift in Sources */ = {isa = PBXBuildFile; fileRef = 0355DF372C4AF8660007F54A /* Models.swift */; };
		0355DF3A2C4C15CC0007F54A /* AlertVC.swift in Sources */ = {isa = PBXBuildFile; fileRef = 0355DF392C4C15CC0007F54A /* AlertVC.swift */; };
		0355DF3C2C4C15F60007F54A /* TitleLabel.swift in Sources */ = {isa = PBXBuildFile; fileRef = 0355DF3B2C4C15F60007F54A /* TitleLabel.swift */; };
		0355DF3E2C4C16020007F54A /* BodyLabel.swift in Sources */ = {isa = PBXBuildFile; fileRef = 0355DF3D2C4C16020007F54A /* BodyLabel.swift */; };
		0355DF402C4C16160007F54A /* Button.swift in Sources */ = {isa = PBXBuildFile; fileRef = 0355DF3F2C4C16160007F54A /* Button.swift */; };
		0355DF422C4C170B0007F54A /* extensions.swift in Sources */ = {isa = PBXBuildFile; fileRef = 0355DF412C4C170B0007F54A /* extensions.swift */; };
		039A5F232C4CA06100EB7A91 /* UserImage.swift in Sources */ = {isa = PBXBuildFile; fileRef = 039A5F222C4CA06100EB7A91 /* UserImage.swift */; };
		039A5F252C4CA0AA00EB7A91 /* NewReleasesResponse.swift in Sources */ = {isa = PBXBuildFile; fileRef = 039A5F242C4CA0AA00EB7A91 /* NewReleasesResponse.swift */; };
		039A5F272C4CA72B00EB7A91 /* FeaturedPlaylistResponse.swift in Sources */ = {isa = PBXBuildFile; fileRef = 039A5F262C4CA72B00EB7A91 /* FeaturedPlaylistResponse.swift */; };
		039A5F2A2C4D841D00EB7A91 /* RecommendedGenresResponse.swift in Sources */ = {isa = PBXBuildFile; fileRef = 039A5F292C4D841D00EB7A91 /* RecommendedGenresResponse.swift */; };
		039A5F2C2C4D8C1300EB7A91 /* RecommendedResponse.swift in Sources */ = {isa = PBXBuildFile; fileRef = 039A5F2B2C4D8C1300EB7A91 /* RecommendedResponse.swift */; };
		03C2C7DB2C45DB5900E803E3 /* AppDelegate.swift in Sources */ = {isa = PBXBuildFile; fileRef = 03C2C7DA2C45DB5900E803E3 /* AppDelegate.swift */; };
		03C2C7DD2C45DB5900E803E3 /* SceneDelegate.swift in Sources */ = {isa = PBXBuildFile; fileRef = 03C2C7DC2C45DB5900E803E3 /* SceneDelegate.swift */; };
		03C2C7DF2C45DB5900E803E3 /* ViewController.swift in Sources */ = {isa = PBXBuildFile; fileRef = 03C2C7DE2C45DB5900E803E3 /* ViewController.swift */; };
		03C2C7E42C45DB5A00E803E3 /* Assets.xcassets in Resources */ = {isa = PBXBuildFile; fileRef = 03C2C7E32C45DB5A00E803E3 /* Assets.xcassets */; };
		03C2C7E72C45DB5A00E803E3 /* LaunchScreen.storyboard in Resources */ = {isa = PBXBuildFile; fileRef = 03C2C7E52C45DB5A00E803E3 /* LaunchScreen.storyboard */; };
		03C2C7F62C46B15100E803E3 /* TabBarViewController.swift in Sources */ = {isa = PBXBuildFile; fileRef = 03C2C7F52C46B15100E803E3 /* TabBarViewController.swift */; };
		03C2C7F82C46B16B00E803E3 /* SearchViewController.swift in Sources */ = {isa = PBXBuildFile; fileRef = 03C2C7F72C46B16B00E803E3 /* SearchViewController.swift */; };
		03C2C7FA2C46B18200E803E3 /* LibraryViewController.swift in Sources */ = {isa = PBXBuildFile; fileRef = 03C2C7F92C46B18200E803E3 /* LibraryViewController.swift */; };
		03C2C7FE2C46B1B100E803E3 /* AuthViewController.swift in Sources */ = {isa = PBXBuildFile; fileRef = 03C2C7FD2C46B1B100E803E3 /* AuthViewController.swift */; };
		03C2C8002C46B1BC00E803E3 /* WelcomeViewController.swift in Sources */ = {isa = PBXBuildFile; fileRef = 03C2C7FF2C46B1BC00E803E3 /* WelcomeViewController.swift */; };
		03C2C8022C46B1D000E803E3 /* ProfileViewController.swift in Sources */ = {isa = PBXBuildFile; fileRef = 03C2C8012C46B1D000E803E3 /* ProfileViewController.swift */; };
		03C2C8042C46B1DB00E803E3 /* SettingsViewController.swift in Sources */ = {isa = PBXBuildFile; fileRef = 03C2C8032C46B1DB00E803E3 /* SettingsViewController.swift */; };
		03C2C8062C46B1EA00E803E3 /* PlayerViewController.swift in Sources */ = {isa = PBXBuildFile; fileRef = 03C2C8052C46B1EA00E803E3 /* PlayerViewController.swift */; };
		03C2C8082C46B1F600E803E3 /* PlaylistViewController.swift in Sources */ = {isa = PBXBuildFile; fileRef = 03C2C8072C46B1F600E803E3 /* PlaylistViewController.swift */; };
		03E325282C4869F000BDCC8C /* AuthResponse.swift in Sources */ = {isa = PBXBuildFile; fileRef = 03E325272C4869F000BDCC8C /* AuthResponse.swift */; };
		03FFFDC92C52ED2E0067AE5D /* NewReleasesCollectionViewCell.swift in Sources */ = {isa = PBXBuildFile; fileRef = 03FFFDC82C52ED2E0067AE5D /* NewReleasesCollectionViewCell.swift */; };
		03FFFDCB2C52ED500067AE5D /* FeaturedPlaylistCollectionViewCell.swift in Sources */ = {isa = PBXBuildFile; fileRef = 03FFFDCA2C52ED500067AE5D /* FeaturedPlaylistCollectionViewCell.swift */; };
		03FFFDCD2C52ED660067AE5D /* RecommendedTrackCollectionViewCell.swift in Sources */ = {isa = PBXBuildFile; fileRef = 03FFFDCC2C52ED660067AE5D /* RecommendedTrackCollectionViewCell.swift */; };
		FA6CC8DC61819679E385E66F /* Pods_SpotifyCloneApp.framework in Frameworks */ = {isa = PBXBuildFile; fileRef = 288C5A6005DE718826CAC50A /* Pods_SpotifyCloneApp.framework */; };
/* End PBXBuildFile section */

/* Begin PBXFileReference section */
		031192712C46DE4200B74FB0 /* AuthManager.swift */ = {isa = PBXFileReference; lastKnownFileType = sourcecode.swift; path = AuthManager.swift; sourceTree = "<group>"; };
		031192732C46DE5B00B74FB0 /* APICaller.swift */ = {isa = PBXFileReference; lastKnownFileType = sourcecode.swift; path = APICaller.swift; sourceTree = "<group>"; };
		031192752C46DE7200B74FB0 /* HapticsManager.swift */ = {isa = PBXFileReference; lastKnownFileType = sourcecode.swift; path = HapticsManager.swift; sourceTree = "<group>"; };
		031192772C46DE8900B74FB0 /* Playlist.swift */ = {isa = PBXFileReference; lastKnownFileType = sourcecode.swift; path = Playlist.swift; sourceTree = "<group>"; };
		031192792C46DE9300B74FB0 /* AudioTrack.swift */ = {isa = PBXFileReference; lastKnownFileType = sourcecode.swift; path = AudioTrack.swift; sourceTree = "<group>"; };
		0311927B2C46DE9800B74FB0 /* Artist.swift */ = {isa = PBXFileReference; lastKnownFileType = sourcecode.swift; path = Artist.swift; sourceTree = "<group>"; };
		0311927D2C46DF7400B74FB0 /* UserProfile.swift */ = {isa = PBXFileReference; lastKnownFileType = sourcecode.swift; path = UserProfile.swift; sourceTree = "<group>"; };
		0311927F2C46EBF300B74FB0 /* Extensions.swift */ = {isa = PBXFileReference; lastKnownFileType = sourcecode.swift; path = Extensions.swift; sourceTree = "<group>"; };
		0355DF372C4AF8660007F54A /* Models.swift */ = {isa = PBXFileReference; lastKnownFileType = sourcecode.swift; path = Models.swift; sourceTree = "<group>"; };
		0355DF392C4C15CC0007F54A /* AlertVC.swift */ = {isa = PBXFileReference; lastKnownFileType = sourcecode.swift; path = AlertVC.swift; sourceTree = "<group>"; };
		0355DF3B2C4C15F60007F54A /* TitleLabel.swift */ = {isa = PBXFileReference; lastKnownFileType = sourcecode.swift; path = TitleLabel.swift; sourceTree = "<group>"; };
		0355DF3D2C4C16020007F54A /* BodyLabel.swift */ = {isa = PBXFileReference; lastKnownFileType = sourcecode.swift; path = BodyLabel.swift; sourceTree = "<group>"; };
		0355DF3F2C4C16160007F54A /* Button.swift */ = {isa = PBXFileReference; lastKnownFileType = sourcecode.swift; path = Button.swift; sourceTree = "<group>"; };
		0355DF412C4C170B0007F54A /* extensions.swift */ = {isa = PBXFileReference; lastKnownFileType = sourcecode.swift; path = extensions.swift; sourceTree = "<group>"; };
		039A5F222C4CA06100EB7A91 /* UserImage.swift */ = {isa = PBXFileReference; lastKnownFileType = sourcecode.swift; path = UserImage.swift; sourceTree = "<group>"; };
		039A5F242C4CA0AA00EB7A91 /* NewReleasesResponse.swift */ = {isa = PBXFileReference; lastKnownFileType = sourcecode.swift; path = NewReleasesResponse.swift; sourceTree = "<group>"; };
		039A5F262C4CA72B00EB7A91 /* FeaturedPlaylistResponse.swift */ = {isa = PBXFileReference; lastKnownFileType = sourcecode.swift; path = FeaturedPlaylistResponse.swift; sourceTree = "<group>"; };
		039A5F292C4D841D00EB7A91 /* RecommendedGenresResponse.swift */ = {isa = PBXFileReference; lastKnownFileType = sourcecode.swift; path = RecommendedGenresResponse.swift; sourceTree = "<group>"; };
		039A5F2B2C4D8C1300EB7A91 /* RecommendedResponse.swift */ = {isa = PBXFileReference; lastKnownFileType = sourcecode.swift; path = RecommendedResponse.swift; sourceTree = "<group>"; };
		03C2C7D72C45DB5900E803E3 /* SpotifyCloneApp.app */ = {isa = PBXFileReference; explicitFileType = wrapper.application; includeInIndex = 0; path = SpotifyCloneApp.app; sourceTree = BUILT_PRODUCTS_DIR; };
		03C2C7DA2C45DB5900E803E3 /* AppDelegate.swift */ = {isa = PBXFileReference; lastKnownFileType = sourcecode.swift; path = AppDelegate.swift; sourceTree = "<group>"; };
		03C2C7DC2C45DB5900E803E3 /* SceneDelegate.swift */ = {isa = PBXFileReference; lastKnownFileType = sourcecode.swift; path = SceneDelegate.swift; sourceTree = "<group>"; };
		03C2C7DE2C45DB5900E803E3 /* ViewController.swift */ = {isa = PBXFileReference; lastKnownFileType = sourcecode.swift; path = ViewController.swift; sourceTree = "<group>"; };
		03C2C7E32C45DB5A00E803E3 /* Assets.xcassets */ = {isa = PBXFileReference; lastKnownFileType = folder.assetcatalog; path = Assets.xcassets; sourceTree = "<group>"; };
		03C2C7E62C45DB5A00E803E3 /* Base */ = {isa = PBXFileReference; lastKnownFileType = file.storyboard; name = Base; path = Base.lproj/LaunchScreen.storyboard; sourceTree = "<group>"; };
		03C2C7E82C45DB5A00E803E3 /* Info.plist */ = {isa = PBXFileReference; lastKnownFileType = text.plist.xml; path = Info.plist; sourceTree = "<group>"; };
		03C2C7F52C46B15100E803E3 /* TabBarViewController.swift */ = {isa = PBXFileReference; lastKnownFileType = sourcecode.swift; path = TabBarViewController.swift; sourceTree = "<group>"; };
		03C2C7F72C46B16B00E803E3 /* SearchViewController.swift */ = {isa = PBXFileReference; lastKnownFileType = sourcecode.swift; path = SearchViewController.swift; sourceTree = "<group>"; };
		03C2C7F92C46B18200E803E3 /* LibraryViewController.swift */ = {isa = PBXFileReference; lastKnownFileType = sourcecode.swift; path = LibraryViewController.swift; sourceTree = "<group>"; };
		03C2C7FD2C46B1B100E803E3 /* AuthViewController.swift */ = {isa = PBXFileReference; lastKnownFileType = sourcecode.swift; path = AuthViewController.swift; sourceTree = "<group>"; };
		03C2C7FF2C46B1BC00E803E3 /* WelcomeViewController.swift */ = {isa = PBXFileReference; lastKnownFileType = sourcecode.swift; path = WelcomeViewController.swift; sourceTree = "<group>"; };
		03C2C8012C46B1D000E803E3 /* ProfileViewController.swift */ = {isa = PBXFileReference; lastKnownFileType = sourcecode.swift; path = ProfileViewController.swift; sourceTree = "<group>"; };
		03C2C8032C46B1DB00E803E3 /* SettingsViewController.swift */ = {isa = PBXFileReference; lastKnownFileType = sourcecode.swift; path = SettingsViewController.swift; sourceTree = "<group>"; };
		03C2C8052C46B1EA00E803E3 /* PlayerViewController.swift */ = {isa = PBXFileReference; lastKnownFileType = sourcecode.swift; path = PlayerViewController.swift; sourceTree = "<group>"; };
		03C2C8072C46B1F600E803E3 /* PlaylistViewController.swift */ = {isa = PBXFileReference; lastKnownFileType = sourcecode.swift; path = PlaylistViewController.swift; sourceTree = "<group>"; };
		03E325272C4869F000BDCC8C /* AuthResponse.swift */ = {isa = PBXFileReference; lastKnownFileType = sourcecode.swift; path = AuthResponse.swift; sourceTree = "<group>"; };
		03FFFDC82C52ED2E0067AE5D /* NewReleasesCollectionViewCell.swift */ = {isa = PBXFileReference; lastKnownFileType = sourcecode.swift; path = NewReleasesCollectionViewCell.swift; sourceTree = "<group>"; };
		03FFFDCA2C52ED500067AE5D /* FeaturedPlaylistCollectionViewCell.swift */ = {isa = PBXFileReference; lastKnownFileType = sourcecode.swift; path = FeaturedPlaylistCollectionViewCell.swift; sourceTree = "<group>"; };
		03FFFDCC2C52ED660067AE5D /* RecommendedTrackCollectionViewCell.swift */ = {isa = PBXFileReference; lastKnownFileType = sourcecode.swift; path = RecommendedTrackCollectionViewCell.swift; sourceTree = "<group>"; };
		288C5A6005DE718826CAC50A /* Pods_SpotifyCloneApp.framework */ = {isa = PBXFileReference; explicitFileType = wrapper.framework; includeInIndex = 0; path = Pods_SpotifyCloneApp.framework; sourceTree = BUILT_PRODUCTS_DIR; };
		38CE0DE8C47DF97B2836A052 /* Pods-SpotifyCloneApp.release.xcconfig */ = {isa = PBXFileReference; includeInIndex = 1; lastKnownFileType = text.xcconfig; name = "Pods-SpotifyCloneApp.release.xcconfig"; path = "Target Support Files/Pods-SpotifyCloneApp/Pods-SpotifyCloneApp.release.xcconfig"; sourceTree = "<group>"; };
		732C5B777F6B9D745189657F /* Pods-SpotifyCloneApp.debug.xcconfig */ = {isa = PBXFileReference; includeInIndex = 1; lastKnownFileType = text.xcconfig; name = "Pods-SpotifyCloneApp.debug.xcconfig"; path = "Target Support Files/Pods-SpotifyCloneApp/Pods-SpotifyCloneApp.debug.xcconfig"; sourceTree = "<group>"; };
/* End PBXFileReference section */

/* Begin PBXFrameworksBuildPhase section */
		03C2C7D42C45DB5900E803E3 /* Frameworks */ = {
			isa = PBXFrameworksBuildPhase;
			buildActionMask = 2147483647;
			files = (
				FA6CC8DC61819679E385E66F /* Pods_SpotifyCloneApp.framework in Frameworks */,
			);
			runOnlyForDeploymentPostprocessing = 0;
		};
/* End PBXFrameworksBuildPhase section */

/* Begin PBXGroup section */
		03C2C7CE2C45DB5900E803E3 = {
			isa = PBXGroup;
			children = (
				0355DF412C4C170B0007F54A /* extensions.swift */,
				03C2C7D92C45DB5900E803E3 /* SpotifyCloneApp */,
				03C2C7D82C45DB5900E803E3 /* Products */,
				1294554F1B26CB7CDD383844 /* Pods */,
				5672F984F149945E7A6C4906 /* Frameworks */,
			);
			sourceTree = "<group>";
		};
		03C2C7D82C45DB5900E803E3 /* Products */ = {
			isa = PBXGroup;
			children = (
				03C2C7D72C45DB5900E803E3 /* SpotifyCloneApp.app */,
			);
			name = Products;
			sourceTree = "<group>";
		};
		03C2C7D92C45DB5900E803E3 /* SpotifyCloneApp */ = {
			isa = PBXGroup;
			children = (
				03C2C7F22C45DBA100E803E3 /* Controllers */,
				03C2C7F12C45DB9900E803E3 /* Views */,
				03C2C7F02C45DB9100E803E3 /* Models */,
				03C2C7EF2C45DB8900E803E3 /* ViewModel */,
				03C2C7EE2C45DB8300E803E3 /* Manager */,
				03C2C7DA2C45DB5900E803E3 /* AppDelegate.swift */,
				03C2C7DC2C45DB5900E803E3 /* SceneDelegate.swift */,
				03C2C7E32C45DB5A00E803E3 /* Assets.xcassets */,
				03C2C7E52C45DB5A00E803E3 /* LaunchScreen.storyboard */,
				03C2C7E82C45DB5A00E803E3 /* Info.plist */,
				0311927F2C46EBF300B74FB0 /* Extensions.swift */,
				0355DF392C4C15CC0007F54A /* AlertVC.swift */,
				0355DF3B2C4C15F60007F54A /* TitleLabel.swift */,
				0355DF3D2C4C16020007F54A /* BodyLabel.swift */,
				0355DF3F2C4C16160007F54A /* Button.swift */,
			);
			path = SpotifyCloneApp;
			sourceTree = "<group>";
		};
		03C2C7EE2C45DB8300E803E3 /* Manager */ = {
			isa = PBXGroup;
			children = (
				031192712C46DE4200B74FB0 /* AuthManager.swift */,
				031192732C46DE5B00B74FB0 /* APICaller.swift */,
				031192752C46DE7200B74FB0 /* HapticsManager.swift */,
			);
			path = Manager;
			sourceTree = "<group>";
		};
		03C2C7EF2C45DB8900E803E3 /* ViewModel */ = {
			isa = PBXGroup;
			children = (
			);
			path = ViewModel;
			sourceTree = "<group>";
		};
		03C2C7F02C45DB9100E803E3 /* Models */ = {
			isa = PBXGroup;
			children = (
				031192772C46DE8900B74FB0 /* Playlist.swift */,
				031192792C46DE9300B74FB0 /* AudioTrack.swift */,
				0311927B2C46DE9800B74FB0 /* Artist.swift */,
				0311927D2C46DF7400B74FB0 /* UserProfile.swift */,
				03E325272C4869F000BDCC8C /* AuthResponse.swift */,
				0355DF372C4AF8660007F54A /* Models.swift */,
				039A5F222C4CA06100EB7A91 /* UserImage.swift */,
				039A5F242C4CA0AA00EB7A91 /* NewReleasesResponse.swift */,
				039A5F262C4CA72B00EB7A91 /* FeaturedPlaylistResponse.swift */,
				039A5F292C4D841D00EB7A91 /* RecommendedGenresResponse.swift */,
				039A5F2B2C4D8C1300EB7A91 /* RecommendedResponse.swift */,
			);
			path = Models;
			sourceTree = "<group>";
		};
		03C2C7F12C45DB9900E803E3 /* Views */ = {
			isa = PBXGroup;
			children = (
				03FFFDC82C52ED2E0067AE5D /* NewReleasesCollectionViewCell.swift */,
				03FFFDCA2C52ED500067AE5D /* FeaturedPlaylistCollectionViewCell.swift */,
				03FFFDCC2C52ED660067AE5D /* RecommendedTrackCollectionViewCell.swift */,
			);
			path = Views;
			sourceTree = "<group>";
		};
		03C2C7F22C45DBA100E803E3 /* Controllers */ = {
			isa = PBXGroup;
			children = (
				03C2C7FB2C46B18E00E803E3 /* Core */,
				03C2C7FC2C46B1A900E803E3 /* Other */,
			);
			path = Controllers;
			sourceTree = "<group>";
		};
		03C2C7FB2C46B18E00E803E3 /* Core */ = {
			isa = PBXGroup;
			children = (
				03C2C7DE2C45DB5900E803E3 /* ViewController.swift */,
				03C2C7F52C46B15100E803E3 /* TabBarViewController.swift */,
				03C2C7F72C46B16B00E803E3 /* SearchViewController.swift */,
				03C2C7F92C46B18200E803E3 /* LibraryViewController.swift */,
				03C2C7FF2C46B1BC00E803E3 /* WelcomeViewController.swift */,
			);
			path = Core;
			sourceTree = "<group>";
		};
		03C2C7FC2C46B1A900E803E3 /* Other */ = {
			isa = PBXGroup;
			children = (
				03C2C7FD2C46B1B100E803E3 /* AuthViewController.swift */,
				03C2C8012C46B1D000E803E3 /* ProfileViewController.swift */,
				03C2C8032C46B1DB00E803E3 /* SettingsViewController.swift */,
				03C2C8052C46B1EA00E803E3 /* PlayerViewController.swift */,
				03C2C8072C46B1F600E803E3 /* PlaylistViewController.swift */,
			);
			path = Other;
			sourceTree = "<group>";
		};
		1294554F1B26CB7CDD383844 /* Pods */ = {
			isa = PBXGroup;
			children = (
				732C5B777F6B9D745189657F /* Pods-SpotifyCloneApp.debug.xcconfig */,
				38CE0DE8C47DF97B2836A052 /* Pods-SpotifyCloneApp.release.xcconfig */,
			);
			path = Pods;
			sourceTree = "<group>";
		};
		5672F984F149945E7A6C4906 /* Frameworks */ = {
			isa = PBXGroup;
			children = (
				288C5A6005DE718826CAC50A /* Pods_SpotifyCloneApp.framework */,
			);
			name = Frameworks;
			sourceTree = "<group>";
		};
/* End PBXGroup section */

/* Begin PBXNativeTarget section */
		03C2C7D62C45DB5900E803E3 /* SpotifyCloneApp */ = {
			isa = PBXNativeTarget;
			buildConfigurationList = 03C2C7EB2C45DB5A00E803E3 /* Build configuration list for PBXNativeTarget "SpotifyCloneApp" */;
			buildPhases = (
				94962E13E78CA57B1166B14B /* [CP] Check Pods Manifest.lock */,
				03C2C7D32C45DB5900E803E3 /* Sources */,
				03C2C7D42C45DB5900E803E3 /* Frameworks */,
				03C2C7D52C45DB5900E803E3 /* Resources */,
				245C6BC4A93488B23B6B0FC8 /* [CP] Embed Pods Frameworks */,
			);
			buildRules = (
			);
			dependencies = (
			);
			name = SpotifyCloneApp;
			productName = SpotifyCloneApp;
			productReference = 03C2C7D72C45DB5900E803E3 /* SpotifyCloneApp.app */;
			productType = "com.apple.product-type.application";
		};
/* End PBXNativeTarget section */

/* Begin PBXProject section */
		03C2C7CF2C45DB5900E803E3 /* Project object */ = {
			isa = PBXProject;
			attributes = {
				BuildIndependentTargetsInParallel = 1;
				LastSwiftUpdateCheck = 1430;
				LastUpgradeCheck = 1430;
				TargetAttributes = {
					03C2C7D62C45DB5900E803E3 = {
						CreatedOnToolsVersion = 14.3.1;
					};
				};
			};
			buildConfigurationList = 03C2C7D22C45DB5900E803E3 /* Build configuration list for PBXProject "SpotifyCloneApp" */;
			compatibilityVersion = "Xcode 14.0";
			developmentRegion = en;
			hasScannedForEncodings = 0;
			knownRegions = (
				en,
				Base,
			);
			mainGroup = 03C2C7CE2C45DB5900E803E3;
			productRefGroup = 03C2C7D82C45DB5900E803E3 /* Products */;
			projectDirPath = "";
			projectRoot = "";
			targets = (
				03C2C7D62C45DB5900E803E3 /* SpotifyCloneApp */,
			);
		};
/* End PBXProject section */

/* Begin PBXResourcesBuildPhase section */
		03C2C7D52C45DB5900E803E3 /* Resources */ = {
			isa = PBXResourcesBuildPhase;
			buildActionMask = 2147483647;
			files = (
				03C2C7E72C45DB5A00E803E3 /* LaunchScreen.storyboard in Resources */,
				03C2C7E42C45DB5A00E803E3 /* Assets.xcassets in Resources */,
			);
			runOnlyForDeploymentPostprocessing = 0;
		};
/* End PBXResourcesBuildPhase section */

/* Begin PBXShellScriptBuildPhase section */
		245C6BC4A93488B23B6B0FC8 /* [CP] Embed Pods Frameworks */ = {
			isa = PBXShellScriptBuildPhase;
			buildActionMask = 2147483647;
			files = (
			);
			inputFileListPaths = (
				"${PODS_ROOT}/Target Support Files/Pods-SpotifyCloneApp/Pods-SpotifyCloneApp-frameworks-${CONFIGURATION}-input-files.xcfilelist",
			);
			name = "[CP] Embed Pods Frameworks";
			outputFileListPaths = (
				"${PODS_ROOT}/Target Support Files/Pods-SpotifyCloneApp/Pods-SpotifyCloneApp-frameworks-${CONFIGURATION}-output-files.xcfilelist",
			);
			runOnlyForDeploymentPostprocessing = 0;
			shellPath = /bin/sh;
			shellScript = "\"${PODS_ROOT}/Target Support Files/Pods-SpotifyCloneApp/Pods-SpotifyCloneApp-frameworks.sh\"\n";
			showEnvVarsInLog = 0;
		};
		94962E13E78CA57B1166B14B /* [CP] Check Pods Manifest.lock */ = {
			isa = PBXShellScriptBuildPhase;
			buildActionMask = 2147483647;
			files = (
			);
			inputFileListPaths = (
			);
			inputPaths = (
				"${PODS_PODFILE_DIR_PATH}/Podfile.lock",
				"${PODS_ROOT}/Manifest.lock",
			);
			name = "[CP] Check Pods Manifest.lock";
			outputFileListPaths = (
			);
			outputPaths = (
				"$(DERIVED_FILE_DIR)/Pods-SpotifyCloneApp-checkManifestLockResult.txt",
			);
			runOnlyForDeploymentPostprocessing = 0;
			shellPath = /bin/sh;
			shellScript = "diff \"${PODS_PODFILE_DIR_PATH}/Podfile.lock\" \"${PODS_ROOT}/Manifest.lock\" > /dev/null\nif [ $? != 0 ] ; then\n    # print error to STDERR\n    echo \"error: The sandbox is not in sync with the Podfile.lock. Run 'pod install' or update your CocoaPods installation.\" >&2\n    exit 1\nfi\n# This output is used by Xcode 'outputs' to avoid re-running this script phase.\necho \"SUCCESS\" > \"${SCRIPT_OUTPUT_FILE_0}\"\n";
			showEnvVarsInLog = 0;
		};
/* End PBXShellScriptBuildPhase section */

/* Begin PBXSourcesBuildPhase section */
		03C2C7D32C45DB5900E803E3 /* Sources */ = {
			isa = PBXSourcesBuildPhase;
			buildActionMask = 2147483647;
			files = (
				03C2C7F82C46B16B00E803E3 /* SearchViewController.swift in Sources */,
				03C2C8002C46B1BC00E803E3 /* WelcomeViewController.swift in Sources */,
				0355DF3A2C4C15CC0007F54A /* AlertVC.swift in Sources */,
				03C2C7DF2C45DB5900E803E3 /* ViewController.swift in Sources */,
				031192762C46DE7200B74FB0 /* HapticsManager.swift in Sources */,
				03E325282C4869F000BDCC8C /* AuthResponse.swift in Sources */,
				039A5F2C2C4D8C1300EB7A91 /* RecommendedResponse.swift in Sources */,
				031192742C46DE5B00B74FB0 /* APICaller.swift in Sources */,
				03FFFDCB2C52ED500067AE5D /* FeaturedPlaylistCollectionViewCell.swift in Sources */,
				031192722C46DE4200B74FB0 /* AuthManager.swift in Sources */,
				03C2C8042C46B1DB00E803E3 /* SettingsViewController.swift in Sources */,
				0311927A2C46DE9300B74FB0 /* AudioTrack.swift in Sources */,
				03C2C7DB2C45DB5900E803E3 /* AppDelegate.swift in Sources */,
				0355DF402C4C16160007F54A /* Button.swift in Sources */,
				03C2C7FE2C46B1B100E803E3 /* AuthViewController.swift in Sources */,
				0355DF382C4AF8660007F54A /* Models.swift in Sources */,
				0355DF422C4C170B0007F54A /* extensions.swift in Sources */,
				03C2C7F62C46B15100E803E3 /* TabBarViewController.swift in Sources */,
				03C2C8022C46B1D000E803E3 /* ProfileViewController.swift in Sources */,
				03FFFDC92C52ED2E0067AE5D /* NewReleasesCollectionViewCell.swift in Sources */,
				039A5F252C4CA0AA00EB7A91 /* NewReleasesResponse.swift in Sources */,
				0311927C2C46DE9800B74FB0 /* Artist.swift in Sources */,
				031192782C46DE8900B74FB0 /* Playlist.swift in Sources */,
				0355DF3E2C4C16020007F54A /* BodyLabel.swift in Sources */,
				0311927E2C46DF7400B74FB0 /* UserProfile.swift in Sources */,
				031192802C46EBF300B74FB0 /* Extensions.swift in Sources */,
				03C2C8082C46B1F600E803E3 /* PlaylistViewController.swift in Sources */,
				03C2C7FA2C46B18200E803E3 /* LibraryViewController.swift in Sources */,
				039A5F232C4CA06100EB7A91 /* UserImage.swift in Sources */,
				039A5F272C4CA72B00EB7A91 /* FeaturedPlaylistResponse.swift in Sources */,
				0355DF3C2C4C15F60007F54A /* TitleLabel.swift in Sources */,
				03C2C8062C46B1EA00E803E3 /* PlayerViewController.swift in Sources */,
				03FFFDCD2C52ED660067AE5D /* RecommendedTrackCollectionViewCell.swift in Sources */,
				03C2C7DD2C45DB5900E803E3 /* SceneDelegate.swift in Sources */,
				039A5F2A2C4D841D00EB7A91 /* RecommendedGenresResponse.swift in Sources */,
			);
			runOnlyForDeploymentPostprocessing = 0;
		};
/* End PBXSourcesBuildPhase section */

/* Begin PBXVariantGroup section */
		03C2C7E52C45DB5A00E803E3 /* LaunchScreen.storyboard */ = {
			isa = PBXVariantGroup;
			children = (
				03C2C7E62C45DB5A00E803E3 /* Base */,
			);
			name = LaunchScreen.storyboard;
			sourceTree = "<group>";
		};
/* End PBXVariantGroup section */

/* Begin XCBuildConfiguration section */
		03C2C7E92C45DB5A00E803E3 /* Debug */ = {
			isa = XCBuildConfiguration;
			buildSettings = {
				ALWAYS_SEARCH_USER_PATHS = NO;
				CLANG_ANALYZER_NONNULL = YES;
				CLANG_ANALYZER_NUMBER_OBJECT_CONVERSION = YES_AGGRESSIVE;
				CLANG_CXX_LANGUAGE_STANDARD = "gnu++20";
				CLANG_ENABLE_MODULES = YES;
				CLANG_ENABLE_OBJC_ARC = YES;
				CLANG_ENABLE_OBJC_WEAK = YES;
				CLANG_WARN_BLOCK_CAPTURE_AUTORELEASING = YES;
				CLANG_WARN_BOOL_CONVERSION = YES;
				CLANG_WARN_COMMA = YES;
				CLANG_WARN_CONSTANT_CONVERSION = YES;
				CLANG_WARN_DEPRECATED_OBJC_IMPLEMENTATIONS = YES;
				CLANG_WARN_DIRECT_OBJC_ISA_USAGE = YES_ERROR;
				CLANG_WARN_DOCUMENTATION_COMMENTS = YES;
				CLANG_WARN_EMPTY_BODY = YES;
				CLANG_WARN_ENUM_CONVERSION = YES;
				CLANG_WARN_INFINITE_RECURSION = YES;
				CLANG_WARN_INT_CONVERSION = YES;
				CLANG_WARN_NON_LITERAL_NULL_CONVERSION = YES;
				CLANG_WARN_OBJC_IMPLICIT_RETAIN_SELF = YES;
				CLANG_WARN_OBJC_LITERAL_CONVERSION = YES;
				CLANG_WARN_OBJC_ROOT_CLASS = YES_ERROR;
				CLANG_WARN_QUOTED_INCLUDE_IN_FRAMEWORK_HEADER = YES;
				CLANG_WARN_RANGE_LOOP_ANALYSIS = YES;
				CLANG_WARN_STRICT_PROTOTYPES = YES;
				CLANG_WARN_SUSPICIOUS_MOVE = YES;
				CLANG_WARN_UNGUARDED_AVAILABILITY = YES_AGGRESSIVE;
				CLANG_WARN_UNREACHABLE_CODE = YES;
				CLANG_WARN__DUPLICATE_METHOD_MATCH = YES;
				COPY_PHASE_STRIP = NO;
				DEBUG_INFORMATION_FORMAT = dwarf;
				ENABLE_STRICT_OBJC_MSGSEND = YES;
				ENABLE_TESTABILITY = YES;
				GCC_C_LANGUAGE_STANDARD = gnu11;
				GCC_DYNAMIC_NO_PIC = NO;
				GCC_NO_COMMON_BLOCKS = YES;
				GCC_OPTIMIZATION_LEVEL = 0;
				GCC_PREPROCESSOR_DEFINITIONS = (
					"DEBUG=1",
					"$(inherited)",
				);
				GCC_WARN_64_TO_32_BIT_CONVERSION = YES;
				GCC_WARN_ABOUT_RETURN_TYPE = YES_ERROR;
				GCC_WARN_UNDECLARED_SELECTOR = YES;
				GCC_WARN_UNINITIALIZED_AUTOS = YES_AGGRESSIVE;
				GCC_WARN_UNUSED_FUNCTION = YES;
				GCC_WARN_UNUSED_VARIABLE = YES;
				IPHONEOS_DEPLOYMENT_TARGET = 16.4;
				MTL_ENABLE_DEBUG_INFO = INCLUDE_SOURCE;
				MTL_FAST_MATH = YES;
				ONLY_ACTIVE_ARCH = YES;
				SDKROOT = iphoneos;
				SWIFT_ACTIVE_COMPILATION_CONDITIONS = DEBUG;
				SWIFT_OPTIMIZATION_LEVEL = "-Onone";
			};
			name = Debug;
		};
		03C2C7EA2C45DB5A00E803E3 /* Release */ = {
			isa = XCBuildConfiguration;
			buildSettings = {
				ALWAYS_SEARCH_USER_PATHS = NO;
				CLANG_ANALYZER_NONNULL = YES;
				CLANG_ANALYZER_NUMBER_OBJECT_CONVERSION = YES_AGGRESSIVE;
				CLANG_CXX_LANGUAGE_STANDARD = "gnu++20";
				CLANG_ENABLE_MODULES = YES;
				CLANG_ENABLE_OBJC_ARC = YES;
				CLANG_ENABLE_OBJC_WEAK = YES;
				CLANG_WARN_BLOCK_CAPTURE_AUTORELEASING = YES;
				CLANG_WARN_BOOL_CONVERSION = YES;
				CLANG_WARN_COMMA = YES;
				CLANG_WARN_CONSTANT_CONVERSION = YES;
				CLANG_WARN_DEPRECATED_OBJC_IMPLEMENTATIONS = YES;
				CLANG_WARN_DIRECT_OBJC_ISA_USAGE = YES_ERROR;
				CLANG_WARN_DOCUMENTATION_COMMENTS = YES;
				CLANG_WARN_EMPTY_BODY = YES;
				CLANG_WARN_ENUM_CONVERSION = YES;
				CLANG_WARN_INFINITE_RECURSION = YES;
				CLANG_WARN_INT_CONVERSION = YES;
				CLANG_WARN_NON_LITERAL_NULL_CONVERSION = YES;
				CLANG_WARN_OBJC_IMPLICIT_RETAIN_SELF = YES;
				CLANG_WARN_OBJC_LITERAL_CONVERSION = YES;
				CLANG_WARN_OBJC_ROOT_CLASS = YES_ERROR;
				CLANG_WARN_QUOTED_INCLUDE_IN_FRAMEWORK_HEADER = YES;
				CLANG_WARN_RANGE_LOOP_ANALYSIS = YES;
				CLANG_WARN_STRICT_PROTOTYPES = YES;
				CLANG_WARN_SUSPICIOUS_MOVE = YES;
				CLANG_WARN_UNGUARDED_AVAILABILITY = YES_AGGRESSIVE;
				CLANG_WARN_UNREACHABLE_CODE = YES;
				CLANG_WARN__DUPLICATE_METHOD_MATCH = YES;
				COPY_PHASE_STRIP = NO;
				DEBUG_INFORMATION_FORMAT = "dwarf-with-dsym";
				ENABLE_NS_ASSERTIONS = NO;
				ENABLE_STRICT_OBJC_MSGSEND = YES;
				GCC_C_LANGUAGE_STANDARD = gnu11;
				GCC_NO_COMMON_BLOCKS = YES;
				GCC_WARN_64_TO_32_BIT_CONVERSION = YES;
				GCC_WARN_ABOUT_RETURN_TYPE = YES_ERROR;
				GCC_WARN_UNDECLARED_SELECTOR = YES;
				GCC_WARN_UNINITIALIZED_AUTOS = YES_AGGRESSIVE;
				GCC_WARN_UNUSED_FUNCTION = YES;
				GCC_WARN_UNUSED_VARIABLE = YES;
				IPHONEOS_DEPLOYMENT_TARGET = 16.4;
				MTL_ENABLE_DEBUG_INFO = NO;
				MTL_FAST_MATH = YES;
				SDKROOT = iphoneos;
				SWIFT_COMPILATION_MODE = wholemodule;
				SWIFT_OPTIMIZATION_LEVEL = "-O";
				VALIDATE_PRODUCT = YES;
			};
			name = Release;
		};
		03C2C7EC2C45DB5A00E803E3 /* Debug */ = {
			isa = XCBuildConfiguration;
			baseConfigurationReference = 732C5B777F6B9D745189657F /* Pods-SpotifyCloneApp.debug.xcconfig */;
			buildSettings = {
				ASSETCATALOG_COMPILER_APPICON_NAME = AppIcon;
				ASSETCATALOG_COMPILER_GLOBAL_ACCENT_COLOR_NAME = AccentColor;
				CODE_SIGN_STYLE = Automatic;
				CURRENT_PROJECT_VERSION = 1;
				DEVELOPMENT_TEAM = LM5TLWQ7XU;
				GENERATE_INFOPLIST_FILE = YES;
				INFOPLIST_FILE = SpotifyCloneApp/Info.plist;
				INFOPLIST_KEY_UIApplicationSupportsIndirectInputEvents = YES;
				INFOPLIST_KEY_UILaunchStoryboardName = LaunchScreen;
				INFOPLIST_KEY_UISupportedInterfaceOrientations_iPad = "UIInterfaceOrientationPortrait UIInterfaceOrientationPortraitUpsideDown UIInterfaceOrientationLandscapeLeft UIInterfaceOrientationLandscapeRight";
				INFOPLIST_KEY_UISupportedInterfaceOrientations_iPhone = "UIInterfaceOrientationPortrait UIInterfaceOrientationLandscapeLeft UIInterfaceOrientationLandscapeRight";
				LD_RUNPATH_SEARCH_PATHS = (
					"$(inherited)",
					"@executable_path/Frameworks",
				);
				MARKETING_VERSION = 1.0;
				PRODUCT_BUNDLE_IDENTIFIER = ahmetsamsun.SpotifyCloneApp;
				PRODUCT_NAME = "$(TARGET_NAME)";
				SWIFT_EMIT_LOC_STRINGS = YES;
				SWIFT_VERSION = 5.0;
				TARGETED_DEVICE_FAMILY = "1,2";
			};
			name = Debug;
		};
		03C2C7ED2C45DB5A00E803E3 /* Release */ = {
			isa = XCBuildConfiguration;
			baseConfigurationReference = 38CE0DE8C47DF97B2836A052 /* Pods-SpotifyCloneApp.release.xcconfig */;
			buildSettings = {
				ASSETCATALOG_COMPILER_APPICON_NAME = AppIcon;
				ASSETCATALOG_COMPILER_GLOBAL_ACCENT_COLOR_NAME = AccentColor;
				CODE_SIGN_STYLE = Automatic;
				CURRENT_PROJECT_VERSION = 1;
				DEVELOPMENT_TEAM = LM5TLWQ7XU;
				GENERATE_INFOPLIST_FILE = YES;
				INFOPLIST_FILE = SpotifyCloneApp/Info.plist;
				INFOPLIST_KEY_UIApplicationSupportsIndirectInputEvents = YES;
				INFOPLIST_KEY_UILaunchStoryboardName = LaunchScreen;
				INFOPLIST_KEY_UISupportedInterfaceOrientations_iPad = "UIInterfaceOrientationPortrait UIInterfaceOrientationPortraitUpsideDown UIInterfaceOrientationLandscapeLeft UIInterfaceOrientationLandscapeRight";
				INFOPLIST_KEY_UISupportedInterfaceOrientations_iPhone = "UIInterfaceOrientationPortrait UIInterfaceOrientationLandscapeLeft UIInterfaceOrientationLandscapeRight";
				LD_RUNPATH_SEARCH_PATHS = (
					"$(inherited)",
					"@executable_path/Frameworks",
				);
				MARKETING_VERSION = 1.0;
				PRODUCT_BUNDLE_IDENTIFIER = ahmetsamsun.SpotifyCloneApp;
				PRODUCT_NAME = "$(TARGET_NAME)";
				SWIFT_EMIT_LOC_STRINGS = YES;
				SWIFT_VERSION = 5.0;
				TARGETED_DEVICE_FAMILY = "1,2";
			};
			name = Release;
		};
/* End XCBuildConfiguration section */

/* Begin XCConfigurationList section */
		03C2C7D22C45DB5900E803E3 /* Build configuration list for PBXProject "SpotifyCloneApp" */ = {
			isa = XCConfigurationList;
			buildConfigurations = (
				03C2C7E92C45DB5A00E803E3 /* Debug */,
				03C2C7EA2C45DB5A00E803E3 /* Release */,
			);
			defaultConfigurationIsVisible = 0;
			defaultConfigurationName = Release;
		};
		03C2C7EB2C45DB5A00E803E3 /* Build configuration list for PBXNativeTarget "SpotifyCloneApp" */ = {
			isa = XCConfigurationList;
			buildConfigurations = (
				03C2C7EC2C45DB5A00E803E3 /* Debug */,
				03C2C7ED2C45DB5A00E803E3 /* Release */,
			);
			defaultConfigurationIsVisible = 0;
			defaultConfigurationName = Release;
		};
/* End XCConfigurationList section */
	};
	rootObject = 03C2C7CF2C45DB5900E803E3 /* Project object */;
}
